// !$*UTF8*$!
{
	archiveVersion = 1;
	classes = {
	};
	objectVersion = 55;
	objects = {

/* Begin PBXBuildFile section */
		DB2DBAD827D76E0000C2FF77 /* WristMenuApp.swift in Sources */ = {isa = PBXBuildFile; fileRef = DB2DBAD727D76E0000C2FF77 /* WristMenuApp.swift */; };
		DB2DBADA27D76E0000C2FF77 /* ContentView.swift in Sources */ = {isa = PBXBuildFile; fileRef = DB2DBAD927D76E0000C2FF77 /* ContentView.swift */; };
		DB2DBADC27D76E0700C2FF77 /* Assets.xcassets in Resources */ = {isa = PBXBuildFile; fileRef = DB2DBADB27D76E0700C2FF77 /* Assets.xcassets */; };
		DB2DBADF27D76E0700C2FF77 /* Preview Assets.xcassets in Resources */ = {isa = PBXBuildFile; fileRef = DB2DBADE27D76E0700C2FF77 /* Preview Assets.xcassets */; };
		DB2DBAE827D76EDA00C2FF77 /* MenuView.swift in Sources */ = {isa = PBXBuildFile; fileRef = DB2DBAE727D76EDA00C2FF77 /* MenuView.swift */; };
/* End PBXBuildFile section */

/* Begin PBXFileReference section */
		DB2DBAD427D76E0000C2FF77 /* WristMenu.app */ = {isa = PBXFileReference; explicitFileType = wrapper.application; includeInIndex = 0; path = WristMenu.app; sourceTree = BUILT_PRODUCTS_DIR; };
		DB2DBAD727D76E0000C2FF77 /* WristMenuApp.swift */ = {isa = PBXFileReference; lastKnownFileType = sourcecode.swift; path = WristMenuApp.swift; sourceTree = "<group>"; };
		DB2DBAD927D76E0000C2FF77 /* ContentView.swift */ = {isa = PBXFileReference; lastKnownFileType = sourcecode.swift; path = ContentView.swift; sourceTree = "<group>"; };
		DB2DBADB27D76E0700C2FF77 /* Assets.xcassets */ = {isa = PBXFileReference; lastKnownFileType = folder.assetcatalog; path = Assets.xcassets; sourceTree = "<group>"; };
		DB2DBADE27D76E0700C2FF77 /* Preview Assets.xcassets */ = {isa = PBXFileReference; lastKnownFileType = folder.assetcatalog; path = "Preview Assets.xcassets"; sourceTree = "<group>"; };
		DB2DBAE027D76E0700C2FF77 /* WristMenu.entitlements */ = {isa = PBXFileReference; lastKnownFileType = text.plist.entitlements; path = WristMenu.entitlements; sourceTree = "<group>"; };
		DB2DBAE727D76EDA00C2FF77 /* MenuView.swift */ = {isa = PBXFileReference; lastKnownFileType = sourcecode.swift; path = MenuView.swift; sourceTree = "<group>"; };
		DB2DBAE927D77B3B00C2FF77 /* Info.plist */ = {isa = PBXFileReference; lastKnownFileType = text.plist; path = Info.plist; sourceTree = "<group>"; };
/* End PBXFileReference section */

/* Begin PBXFrameworksBuildPhase section */
		DB2DBAD127D76E0000C2FF77 /* Frameworks */ = {
			isa = PBXFrameworksBuildPhase;
			buildActionMask = 2147483647;
			files = (
			);
			runOnlyForDeploymentPostprocessing = 0;
		};
/* End PBXFrameworksBuildPhase section */

/* Begin PBXGroup section */
		DB2DBACB27D76E0000C2FF77 = {
			isa = PBXGroup;
			children = (
				DB2DBAD627D76E0000C2FF77 /* WristMenu */,
				DB2DBAD527D76E0000C2FF77 /* Products */,
			);
			sourceTree = "<group>";
		};
		DB2DBAD527D76E0000C2FF77 /* Products */ = {
			isa = PBXGroup;
			children = (
				DB2DBAD427D76E0000C2FF77 /* WristMenu.app */,
			);
			name = Products;
			sourceTree = "<group>";
		};
		DB2DBAD627D76E0000C2FF77 /* WristMenu */ = {
			isa = PBXGroup;
			children = (
				DB2DBAE927D77B3B00C2FF77 /* Info.plist */,
				DB2DBAE627D76ECA00C2FF77 /* Menu */,
				DB2DBAD727D76E0000C2FF77 /* WristMenuApp.swift */,
				DB2DBAD927D76E0000C2FF77 /* ContentView.swift */,
				DB2DBADB27D76E0700C2FF77 /* Assets.xcassets */,
				DB2DBAE027D76E0700C2FF77 /* WristMenu.entitlements */,
				DB2DBADD27D76E0700C2FF77 /* Preview Content */,
			);
			path = WristMenu;
			sourceTree = "<group>";
		};
		DB2DBADD27D76E0700C2FF77 /* Preview Content */ = {
			isa = PBXGroup;
			children = (
				DB2DBADE27D76E0700C2FF77 /* Preview Assets.xcassets */,
			);
			path = "Preview Content";
			sourceTree = "<group>";
		};
		DB2DBAE627D76ECA00C2FF77 /* Menu */ = {
			isa = PBXGroup;
			children = (
				DB2DBAE727D76EDA00C2FF77 /* MenuView.swift */,
			);
			path = Menu;
			sourceTree = "<group>";
		};
/* End PBXGroup section */

/* Begin PBXNativeTarget section */
		DB2DBAD327D76E0000C2FF77 /* WristMenu */ = {
			isa = PBXNativeTarget;
			buildConfigurationList = DB2DBAE327D76E0700C2FF77 /* Build configuration list for PBXNativeTarget "WristMenu" */;
			buildPhases = (
				DB2DBAD027D76E0000C2FF77 /* Sources */,
				DB2DBAD127D76E0000C2FF77 /* Frameworks */,
				DB2DBAD227D76E0000C2FF77 /* Resources */,
			);
			buildRules = (
			);
			dependencies = (
			);
			name = WristMenu;
			productName = WristMenu;
			productReference = DB2DBAD427D76E0000C2FF77 /* WristMenu.app */;
			productType = "com.apple.product-type.application";
		};
/* End PBXNativeTarget section */

/* Begin PBXProject section */
		DB2DBACC27D76E0000C2FF77 /* Project object */ = {
			isa = PBXProject;
			attributes = {
				BuildIndependentTargetsInParallel = 1;
				LastSwiftUpdateCheck = 1320;
				LastUpgradeCheck = 1320;
				TargetAttributes = {
					DB2DBAD327D76E0000C2FF77 = {
						CreatedOnToolsVersion = 13.2.1;
					};
				};
			};
			buildConfigurationList = DB2DBACF27D76E0000C2FF77 /* Build configuration list for PBXProject "WristMenu" */;
			compatibilityVersion = "Xcode 13.0";
			developmentRegion = en;
			hasScannedForEncodings = 0;
			knownRegions = (
				en,
				Base,
			);
			mainGroup = DB2DBACB27D76E0000C2FF77;
			productRefGroup = DB2DBAD527D76E0000C2FF77 /* Products */;
			projectDirPath = "";
			projectRoot = "";
			targets = (
				DB2DBAD327D76E0000C2FF77 /* WristMenu */,
			);
		};
/* End PBXProject section */

/* Begin PBXResourcesBuildPhase section */
		DB2DBAD227D76E0000C2FF77 /* Resources */ = {
			isa = PBXResourcesBuildPhase;
			buildActionMask = 2147483647;
			files = (
				DB2DBADF27D76E0700C2FF77 /* Preview Assets.xcassets in Resources */,
				DB2DBADC27D76E0700C2FF77 /* Assets.xcassets in Resources */,
			);
			runOnlyForDeploymentPostprocessing = 0;
		};
/* End PBXResourcesBuildPhase section */

/* Begin PBXSourcesBuildPhase section */
		DB2DBAD027D76E0000C2FF77 /* Sources */ = {
			isa = PBXSourcesBuildPhase;
			buildActionMask = 2147483647;
			files = (
				DB2DBADA27D76E0000C2FF77 /* ContentView.swift in Sources */,
				DB2DBAE827D76EDA00C2FF77 /* MenuView.swift in Sources */,
				DB2DBAD827D76E0000C2FF77 /* WristMenuApp.swift in Sources */,
			);
			runOnlyForDeploymentPostprocessing = 0;
		};
/* End PBXSourcesBuildPhase section */

/* Begin XCBuildConfiguration section */
		DB2DBAE127D76E0700C2FF77 /* Debug */ = {
			isa = XCBuildConfiguration;
			buildSettings = {
				ALWAYS_SEARCH_USER_PATHS = NO;
				CLANG_ANALYZER_NONNULL = YES;
				CLANG_ANALYZER_NUMBER_OBJECT_CONVERSION = YES_AGGRESSIVE;
				CLANG_CXX_LANGUAGE_STANDARD = "gnu++17";
				CLANG_CXX_LIBRARY = "libc++";
				CLANG_ENABLE_MODULES = YES;
				CLANG_ENABLE_OBJC_ARC = YES;
				CLANG_ENABLE_OBJC_WEAK = YES;
				CLANG_WARN_BLOCK_CAPTURE_AUTORELEASING = YES;
				CLANG_WARN_BOOL_CONVERSION = YES;
				CLANG_WARN_COMMA = YES;
				CLANG_WARN_CONSTANT_CONVERSION = YES;
				CLANG_WARN_DEPRECATED_OBJC_IMPLEMENTATIONS = YES;
				CLANG_WARN_DIRECT_OBJC_ISA_USAGE = YES_ERROR;
				CLANG_WARN_DOCUMENTATION_COMMENTS = YES;
				CLANG_WARN_EMPTY_BODY = YES;
				CLANG_WARN_ENUM_CONVERSION = YES;
				CLANG_WARN_INFINITE_RECURSION = YES;
				CLANG_WARN_INT_CONVERSION = YES;
				CLANG_WARN_NON_LITERAL_NULL_CONVERSION = YES;
				CLANG_WARN_OBJC_IMPLICIT_RETAIN_SELF = YES;
				CLANG_WARN_OBJC_LITERAL_CONVERSION = YES;
				CLANG_WARN_OBJC_ROOT_CLASS = YES_ERROR;
				CLANG_WARN_QUOTED_INCLUDE_IN_FRAMEWORK_HEADER = YES;
				CLANG_WARN_RANGE_LOOP_ANALYSIS = YES;
				CLANG_WARN_STRICT_PROTOTYPES = YES;
				CLANG_WARN_SUSPICIOUS_MOVE = YES;
				CLANG_WARN_UNGUARDED_AVAILABILITY = YES_AGGRESSIVE;
				CLANG_WARN_UNREACHABLE_CODE = YES;
				CLANG_WARN__DUPLICATE_METHOD_MATCH = YES;
				COPY_PHASE_STRIP = NO;
				DEBUG_INFORMATION_FORMAT = dwarf;
				ENABLE_STRICT_OBJC_MSGSEND = YES;
				ENABLE_TESTABILITY = YES;
				GCC_C_LANGUAGE_STANDARD = gnu11;
				GCC_DYNAMIC_NO_PIC = NO;
				GCC_NO_COMMON_BLOCKS = YES;
				GCC_OPTIMIZATION_LEVEL = 0;
				GCC_PREPROCESSOR_DEFINITIONS = (
					"DEBUG=1",
					"$(inherited)",
				);
				GCC_WARN_64_TO_32_BIT_CONVERSION = YES;
				GCC_WARN_ABOUT_RETURN_TYPE = YES_ERROR;
				GCC_WARN_UNDECLARED_SELECTOR = YES;
				GCC_WARN_UNINITIALIZED_AUTOS = YES_AGGRESSIVE;
				GCC_WARN_UNUSED_FUNCTION = YES;
				GCC_WARN_UNUSED_VARIABLE = YES;
				MACOSX_DEPLOYMENT_TARGET = 12.1;
				MTL_ENABLE_DEBUG_INFO = INCLUDE_SOURCE;
				MTL_FAST_MATH = YES;
				ONLY_ACTIVE_ARCH = YES;
				SDKROOT = macosx;
				SWIFT_ACTIVE_COMPILATION_CONDITIONS = DEBUG;
				SWIFT_OPTIMIZATION_LEVEL = "-Onone";
			};
			name = Debug;
		};
		DB2DBAE227D76E0700C2FF77 /* Release */ = {
			isa = XCBuildConfiguration;
			buildSettings = {
				ALWAYS_SEARCH_USER_PATHS = NO;
				CLANG_ANALYZER_NONNULL = YES;
				CLANG_ANALYZER_NUMBER_OBJECT_CONVERSION = YES_AGGRESSIVE;
				CLANG_CXX_LANGUAGE_STANDARD = "gnu++17";
				CLANG_CXX_LIBRARY = "libc++";
				CLANG_ENABLE_MODULES = YES;
				CLANG_ENABLE_OBJC_ARC = YES;
				CLANG_ENABLE_OBJC_WEAK = YES;
				CLANG_WARN_BLOCK_CAPTURE_AUTORELEASING = YES;
				CLANG_WARN_BOOL_CONVERSION = YES;
				CLANG_WARN_COMMA = YES;
				CLANG_WARN_CONSTANT_CONVERSION = YES;
				CLANG_WARN_DEPRECATED_OBJC_IMPLEMENTATIONS = YES;
				CLANG_WARN_DIRECT_OBJC_ISA_USAGE = YES_ERROR;
				CLANG_WARN_DOCUMENTATION_COMMENTS = YES;
				CLANG_WARN_EMPTY_BODY = YES;
				CLANG_WARN_ENUM_CONVERSION = YES;
				CLANG_WARN_INFINITE_RECURSION = YES;
				CLANG_WARN_INT_CONVERSION = YES;
				CLANG_WARN_NON_LITERAL_NULL_CONVERSION = YES;
				CLANG_WARN_OBJC_IMPLICIT_RETAIN_SELF = YES;
				CLANG_WARN_OBJC_LITERAL_CONVERSION = YES;
				CLANG_WARN_OBJC_ROOT_CLASS = YES_ERROR;
				CLANG_WARN_QUOTED_INCLUDE_IN_FRAMEWORK_HEADER = YES;
				CLANG_WARN_RANGE_LOOP_ANALYSIS = YES;
				CLANG_WARN_STRICT_PROTOTYPES = YES;
				CLANG_WARN_SUSPICIOUS_MOVE = YES;
				CLANG_WARN_UNGUARDED_AVAILABILITY = YES_AGGRESSIVE;
				CLANG_WARN_UNREACHABLE_CODE = YES;
				CLANG_WARN__DUPLICATE_METHOD_MATCH = YES;
				COPY_PHASE_STRIP = NO;
				DEBUG_INFORMATION_FORMAT = "dwarf-with-dsym";
				ENABLE_NS_ASSERTIONS = NO;
				ENABLE_STRICT_OBJC_MSGSEND = YES;
				GCC_C_LANGUAGE_STANDARD = gnu11;
				GCC_NO_COMMON_BLOCKS = YES;
				GCC_WARN_64_TO_32_BIT_CONVERSION = YES;
				GCC_WARN_ABOUT_RETURN_TYPE = YES_ERROR;
				GCC_WARN_UNDECLARED_SELECTOR = YES;
				GCC_WARN_UNINITIALIZED_AUTOS = YES_AGGRESSIVE;
				GCC_WARN_UNUSED_FUNCTION = YES;
				GCC_WARN_UNUSED_VARIABLE = YES;
				MACOSX_DEPLOYMENT_TARGET = 12.1;
				MTL_ENABLE_DEBUG_INFO = NO;
				MTL_FAST_MATH = YES;
				SDKROOT = macosx;
				SWIFT_COMPILATION_MODE = wholemodule;
				SWIFT_OPTIMIZATION_LEVEL = "-O";
			};
			name = Release;
		};
		DB2DBAE427D76E0700C2FF77 /* Debug */ = {
			isa = XCBuildConfiguration;
			buildSettings = {
				ASSETCATALOG_COMPILER_APPICON_NAME = AppIcon;
				ASSETCATALOG_COMPILER_GLOBAL_ACCENT_COLOR_NAME = AccentColor;
				CODE_SIGN_ENTITLEMENTS = WristMenu/WristMenu.entitlements;
				CODE_SIGN_STYLE = Automatic;
				COMBINE_HIDPI_IMAGES = YES;
				CURRENT_PROJECT_VERSION = 1;
				DEVELOPMENT_ASSET_PATHS = "\"WristMenu/Preview Content\"";
				DEVELOPMENT_TEAM = W2SBKP5AG7;
				ENABLE_HARDENED_RUNTIME = YES;
				ENABLE_PREVIEWS = YES;
				GENERATE_INFOPLIST_FILE = YES;
				INFOPLIST_FILE = WristMenu/Info.plist;
				INFOPLIST_KEY_NSHumanReadableCopyright = "";
				LD_RUNPATH_SEARCH_PATHS = (
					"$(inherited)",
					"@executable_path/../Frameworks",
				);
				MARKETING_VERSION = 1.0;
				PRODUCT_BUNDLE_IDENTIFIER = beachcode.WristMenu;
				PRODUCT_NAME = "$(TARGET_NAME)";
				SWIFT_EMIT_LOC_STRINGS = YES;
				SWIFT_VERSION = 5.0;
			};
			name = Debug;
		};
		DB2DBAE527D76E0700C2FF77 /* Release */ = {
			isa = XCBuildConfiguration;
			buildSettings = {
				ASSETCATALOG_COMPILER_APPICON_NAME = AppIcon;
				ASSETCATALOG_COMPILER_GLOBAL_ACCENT_COLOR_NAME = AccentColor;
				CODE_SIGN_ENTITLEMENTS = WristMenu/WristMenu.entitlements;
				CODE_SIGN_STYLE = Automatic;
				COMBINE_HIDPI_IMAGES = YES;
				CURRENT_PROJECT_VERSION = 1;
				DEVELOPMENT_ASSET_PATHS = "\"WristMenu/Preview Content\"";
				DEVELOPMENT_TEAM = W2SBKP5AG7;
				ENABLE_HARDENED_RUNTIME = YES;
				ENABLE_PREVIEWS = YES;
				GENERATE_INFOPLIST_FILE = YES;
				INFOPLIST_FILE = WristMenu/Info.plist;
				INFOPLIST_KEY_NSHumanReadableCopyright = "";
				LD_RUNPATH_SEARCH_PATHS = (
					"$(inherited)",
					"@executable_path/../Frameworks",
				);
				MARKETING_VERSION = 1.0;
				PRODUCT_BUNDLE_IDENTIFIER = beachcode.WristMenu;
				PRODUCT_NAME = "$(TARGET_NAME)";
				SWIFT_EMIT_LOC_STRINGS = YES;
				SWIFT_VERSION = 5.0;
			};
			name = Release;
		};
/* End XCBuildConfiguration section */

/* Begin XCConfigurationList section */
		DB2DBACF27D76E0000C2FF77 /* Build configuration list for PBXProject "WristMenu" */ = {
			isa = XCConfigurationList;
			buildConfigurations = (
				DB2DBAE127D76E0700C2FF77 /* Debug */,
				DB2DBAE227D76E0700C2FF77 /* Release */,
			);
			defaultConfigurationIsVisible = 0;
			defaultConfigurationName = Release;
		};
		DB2DBAE327D76E0700C2FF77 /* Build configuration list for PBXNativeTarget "WristMenu" */ = {
			isa = XCConfigurationList;
			buildConfigurations = (
				DB2DBAE427D76E0700C2FF77 /* Debug */,
				DB2DBAE527D76E0700C2FF77 /* Release */,
			);
			defaultConfigurationIsVisible = 0;
			defaultConfigurationName = Release;
		};
/* End XCConfigurationList section */
	};
	rootObject = DB2DBACC27D76E0000C2FF77 /* Project object */;
}
